// !$*UTF8*$!
{
	archiveVersion = 1;
	classes = {
	};
	objectVersion = 56;
	objects = {

/* Begin PBXBuildFile section */
		178D455A29E90E26003559CF /* RNSwiftUIApp.swift in Sources */ = {isa = PBXBuildFile; fileRef = 178D455929E90E26003559CF /* RNSwiftUIApp.swift */; };
		178D455C29E90E26003559CF /* ContentView.swift in Sources */ = {isa = PBXBuildFile; fileRef = 178D455B29E90E26003559CF /* ContentView.swift */; };
		178D455E29E90E27003559CF /* Assets.xcassets in Resources */ = {isa = PBXBuildFile; fileRef = 178D455D29E90E27003559CF /* Assets.xcassets */; };
		178D456129E90E27003559CF /* Preview Assets.xcassets in Resources */ = {isa = PBXBuildFile; fileRef = 178D456029E90E27003559CF /* Preview Assets.xcassets */; };
		178D457329E911A3003559CF /* ReactNativeView.swift in Sources */ = {isa = PBXBuildFile; fileRef = 178D457229E911A3003559CF /* ReactNativeView.swift */; };
		9BA936443FD801582F3C504A /* Pods_RNSwiftUI.framework in Frameworks */ = {isa = PBXBuildFile; fileRef = BCC425CC33740F0136E09244 /* Pods_RNSwiftUI.framework */; };
/* End PBXBuildFile section */

/* Begin PBXContainerItemProxy section */
		178D456C29E9117A003559CF /* PBXContainerItemProxy */ = {
			isa = PBXContainerItemProxy;
			containerPortal = 178D456729E9117A003559CF /* TestRNApp.xcodeproj */;
			proxyType = 2;
			remoteGlobalIDString = 13B07F961A680F5B00A75B9A;
			remoteInfo = TestRNApp;
		};
		178D456E29E9117A003559CF /* PBXContainerItemProxy */ = {
			isa = PBXContainerItemProxy;
			containerPortal = 178D456729E9117A003559CF /* TestRNApp.xcodeproj */;
			proxyType = 2;
			remoteGlobalIDString = 00E356EE1AD99517003FC87E;
			remoteInfo = TestRNAppTests;
		};
/* End PBXContainerItemProxy section */

/* Begin PBXFileReference section */
		178D455629E90E26003559CF /* RNSwiftUI.app */ = {isa = PBXFileReference; explicitFileType = wrapper.application; includeInIndex = 0; path = RNSwiftUI.app; sourceTree = BUILT_PRODUCTS_DIR; };
		178D455929E90E26003559CF /* RNSwiftUIApp.swift */ = {isa = PBXFileReference; lastKnownFileType = sourcecode.swift; path = RNSwiftUIApp.swift; sourceTree = "<group>"; };
		178D455B29E90E26003559CF /* ContentView.swift */ = {isa = PBXFileReference; lastKnownFileType = sourcecode.swift; path = ContentView.swift; sourceTree = "<group>"; };
		178D455D29E90E27003559CF /* Assets.xcassets */ = {isa = PBXFileReference; lastKnownFileType = folder.assetcatalog; path = Assets.xcassets; sourceTree = "<group>"; };
		178D456029E90E27003559CF /* Preview Assets.xcassets */ = {isa = PBXFileReference; lastKnownFileType = folder.assetcatalog; path = "Preview Assets.xcassets"; sourceTree = "<group>"; };
		178D456729E9117A003559CF /* TestRNApp.xcodeproj */ = {isa = PBXFileReference; lastKnownFileType = "wrapper.pb-project"; name = TestRNApp.xcodeproj; path = TestRNApp/ios/TestRNApp.xcodeproj; sourceTree = "<group>"; };
		178D457229E911A3003559CF /* ReactNativeView.swift */ = {isa = PBXFileReference; lastKnownFileType = sourcecode.swift; path = ReactNativeView.swift; sourceTree = "<group>"; };
		1B3F41D68BDA2BF57D2C464F /* Pods-RNSwiftUI.release.xcconfig */ = {isa = PBXFileReference; includeInIndex = 1; lastKnownFileType = text.xcconfig; name = "Pods-RNSwiftUI.release.xcconfig"; path = "Target Support Files/Pods-RNSwiftUI/Pods-RNSwiftUI.release.xcconfig"; sourceTree = "<group>"; };
		36B0776A8780AA16C5593FF7 /* Pods-RNSwiftUI.debug.xcconfig */ = {isa = PBXFileReference; includeInIndex = 1; lastKnownFileType = text.xcconfig; name = "Pods-RNSwiftUI.debug.xcconfig"; path = "Target Support Files/Pods-RNSwiftUI/Pods-RNSwiftUI.debug.xcconfig"; sourceTree = "<group>"; };
		BCC425CC33740F0136E09244 /* Pods_RNSwiftUI.framework */ = {isa = PBXFileReference; explicitFileType = wrapper.framework; includeInIndex = 0; path = Pods_RNSwiftUI.framework; sourceTree = BUILT_PRODUCTS_DIR; };
/* End PBXFileReference section */

/* Begin PBXFrameworksBuildPhase section */
		178D455329E90E26003559CF /* Frameworks */ = {
			isa = PBXFrameworksBuildPhase;
			buildActionMask = 2147483647;
			files = (
				9BA936443FD801582F3C504A /* Pods_RNSwiftUI.framework in Frameworks */,
			);
			runOnlyForDeploymentPostprocessing = 0;
		};
/* End PBXFrameworksBuildPhase section */

/* Begin PBXGroup section */
		09900918F9779F570B3A9C4D /* Frameworks */ = {
			isa = PBXGroup;
			children = (
				BCC425CC33740F0136E09244 /* Pods_RNSwiftUI.framework */,
			);
			name = Frameworks;
			sourceTree = "<group>";
		};
		178D454D29E90E26003559CF = {
			isa = PBXGroup;
			children = (
				178D456729E9117A003559CF /* TestRNApp.xcodeproj */,
				178D455829E90E26003559CF /* RNSwiftUI */,
				178D455729E90E26003559CF /* Products */,
				D0F361E11FA46F1136D9D949 /* Pods */,
				09900918F9779F570B3A9C4D /* Frameworks */,
			);
			sourceTree = "<group>";
		};
		178D455729E90E26003559CF /* Products */ = {
			isa = PBXGroup;
			children = (
				178D455629E90E26003559CF /* RNSwiftUI.app */,
			);
			name = Products;
			sourceTree = "<group>";
		};
		178D455829E90E26003559CF /* RNSwiftUI */ = {
			isa = PBXGroup;
			children = (
				178D455929E90E26003559CF /* RNSwiftUIApp.swift */,
				178D455B29E90E26003559CF /* ContentView.swift */,
				178D455D29E90E27003559CF /* Assets.xcassets */,
				178D455F29E90E27003559CF /* Preview Content */,
				178D457229E911A3003559CF /* ReactNativeView.swift */,
			);
			path = RNSwiftUI;
			sourceTree = "<group>";
		};
		178D455F29E90E27003559CF /* Preview Content */ = {
			isa = PBXGroup;
			children = (
				178D456029E90E27003559CF /* Preview Assets.xcassets */,
			);
			path = "Preview Content";
			sourceTree = "<group>";
		};
		178D456829E9117A003559CF /* Products */ = {
			isa = PBXGroup;
			children = (
				178D456D29E9117A003559CF /* TestRNApp.app */,
				178D456F29E9117A003559CF /* TestRNAppTests.xctest */,
			);
			name = Products;
			sourceTree = "<group>";
		};
		D0F361E11FA46F1136D9D949 /* Pods */ = {
			isa = PBXGroup;
			children = (
				36B0776A8780AA16C5593FF7 /* Pods-RNSwiftUI.debug.xcconfig */,
				1B3F41D68BDA2BF57D2C464F /* Pods-RNSwiftUI.release.xcconfig */,
			);
			name = Pods;
			path = Pods;
			sourceTree = "<group>";
		};
/* End PBXGroup section */

/* Begin PBXNativeTarget section */
		178D455529E90E26003559CF /* RNSwiftUI */ = {
			isa = PBXNativeTarget;
			buildConfigurationList = 178D456429E90E27003559CF /* Build configuration list for PBXNativeTarget "RNSwiftUI" */;
			buildPhases = (
				CB5E42A77DF69FA62FE68211 /* [CP] Check Pods Manifest.lock */,
				178D455229E90E26003559CF /* Sources */,
				178D455329E90E26003559CF /* Frameworks */,
				178D455429E90E26003559CF /* Resources */,
				EA079167528FAC0F335FDA84 /* [CP] Embed Pods Frameworks */,
			);
			buildRules = (
			);
			dependencies = (
			);
			name = RNSwiftUI;
			productName = RNSwiftUI;
			productReference = 178D455629E90E26003559CF /* RNSwiftUI.app */;
			productType = "com.apple.product-type.application";
		};
/* End PBXNativeTarget section */

/* Begin PBXProject section */
		178D454E29E90E26003559CF /* Project object */ = {
			isa = PBXProject;
			attributes = {
				BuildIndependentTargetsInParallel = 1;
				LastSwiftUpdateCheck = 1420;
				LastUpgradeCheck = 1420;
				TargetAttributes = {
					178D455529E90E26003559CF = {
						CreatedOnToolsVersion = 14.2;
					};
				};
			};
			buildConfigurationList = 178D455129E90E26003559CF /* Build configuration list for PBXProject "RNSwiftUI" */;
			compatibilityVersion = "Xcode 14.0";
			developmentRegion = en;
			hasScannedForEncodings = 0;
			knownRegions = (
				en,
				Base,
			);
			mainGroup = 178D454D29E90E26003559CF;
			productRefGroup = 178D455729E90E26003559CF /* Products */;
			projectDirPath = "";
			projectReferences = (
				{
					ProductGroup = 178D456829E9117A003559CF /* Products */;
					ProjectRef = 178D456729E9117A003559CF /* TestRNApp.xcodeproj */;
				},
			);
			projectRoot = "";
			targets = (
				178D455529E90E26003559CF /* RNSwiftUI */,
			);
		};
/* End PBXProject section */

/* Begin PBXReferenceProxy section */
		178D456D29E9117A003559CF /* TestRNApp.app */ = {
			isa = PBXReferenceProxy;
			fileType = wrapper.application;
			path = TestRNApp.app;
			remoteRef = 178D456C29E9117A003559CF /* PBXContainerItemProxy */;
			sourceTree = BUILT_PRODUCTS_DIR;
		};
		178D456F29E9117A003559CF /* TestRNAppTests.xctest */ = {
			isa = PBXReferenceProxy;
			fileType = wrapper.cfbundle;
			path = TestRNAppTests.xctest;
			remoteRef = 178D456E29E9117A003559CF /* PBXContainerItemProxy */;
			sourceTree = BUILT_PRODUCTS_DIR;
		};
/* End PBXReferenceProxy section */

/* Begin PBXResourcesBuildPhase section */
		178D455429E90E26003559CF /* Resources */ = {
			isa = PBXResourcesBuildPhase;
			buildActionMask = 2147483647;
			files = (
				178D456129E90E27003559CF /* Preview Assets.xcassets in Resources */,
				178D455E29E90E27003559CF /* Assets.xcassets in Resources */,
			);
			runOnlyForDeploymentPostprocessing = 0;
		};
/* End PBXResourcesBuildPhase section */

/* Begin PBXShellScriptBuildPhase section */
		CB5E42A77DF69FA62FE68211 /* [CP] Check Pods Manifest.lock */ = {
			isa = PBXShellScriptBuildPhase;
			buildActionMask = 2147483647;
			files = (
			);
			inputFileListPaths = (
			);
			inputPaths = (
				"${PODS_PODFILE_DIR_PATH}/Podfile.lock",
				"${PODS_ROOT}/Manifest.lock",
			);
			name = "[CP] Check Pods Manifest.lock";
			outputFileListPaths = (
			);
			outputPaths = (
				"$(DERIVED_FILE_DIR)/Pods-RNSwiftUI-checkManifestLockResult.txt",
			);
			runOnlyForDeploymentPostprocessing = 0;
			shellPath = /bin/sh;
			shellScript = "diff \"${PODS_PODFILE_DIR_PATH}/Podfile.lock\" \"${PODS_ROOT}/Manifest.lock\" > /dev/null\nif [ $? != 0 ] ; then\n    # print error to STDERR\n    echo \"error: The sandbox is not in sync with the Podfile.lock. Run 'pod install' or update your CocoaPods installation.\" >&2\n    exit 1\nfi\n# This output is used by Xcode 'outputs' to avoid re-running this script phase.\necho \"SUCCESS\" > \"${SCRIPT_OUTPUT_FILE_0}\"\n";
			showEnvVarsInLog = 0;
		};
		EA079167528FAC0F335FDA84 /* [CP] Embed Pods Frameworks */ = {
			isa = PBXShellScriptBuildPhase;
			buildActionMask = 2147483647;
			files = (
			);
			inputFileListPaths = (
				"${PODS_ROOT}/Target Support Files/Pods-RNSwiftUI/Pods-RNSwiftUI-frameworks-${CONFIGURATION}-input-files.xcfilelist",
			);
			name = "[CP] Embed Pods Frameworks";
			outputFileListPaths = (
				"${PODS_ROOT}/Target Support Files/Pods-RNSwiftUI/Pods-RNSwiftUI-frameworks-${CONFIGURATION}-output-files.xcfilelist",
			);
			runOnlyForDeploymentPostprocessing = 0;
			shellPath = /bin/sh;
			shellScript = "\"${PODS_ROOT}/Target Support Files/Pods-RNSwiftUI/Pods-RNSwiftUI-frameworks.sh\"\n";
			showEnvVarsInLog = 0;
		};
/* End PBXShellScriptBuildPhase section */

/* Begin PBXSourcesBuildPhase section */
		178D455229E90E26003559CF /* Sources */ = {
			isa = PBXSourcesBuildPhase;
			buildActionMask = 2147483647;
			files = (
				178D457329E911A3003559CF /* ReactNativeView.swift in Sources */,
				178D455C29E90E26003559CF /* ContentView.swift in Sources */,
				178D455A29E90E26003559CF /* RNSwiftUIApp.swift in Sources */,
			);
			runOnlyForDeploymentPostprocessing = 0;
		};
/* End PBXSourcesBuildPhase section */

/* Begin XCBuildConfiguration section */
		178D456229E90E27003559CF /* Debug */ = {
			isa = XCBuildConfiguration;
			buildSettings = {
				ALWAYS_SEARCH_USER_PATHS = NO;
				CLANG_ANALYZER_NONNULL = YES;
				CLANG_ANALYZER_NUMBER_OBJECT_CONVERSION = YES_AGGRESSIVE;
				CLANG_CXX_LANGUAGE_STANDARD = "gnu++20";
				CLANG_ENABLE_MODULES = YES;
				CLANG_ENABLE_OBJC_ARC = YES;
				CLANG_ENABLE_OBJC_WEAK = YES;
				CLANG_WARN_BLOCK_CAPTURE_AUTORELEASING = YES;
				CLANG_WARN_BOOL_CONVERSION = YES;
				CLANG_WARN_COMMA = YES;
				CLANG_WARN_CONSTANT_CONVERSION = YES;
				CLANG_WARN_DEPRECATED_OBJC_IMPLEMENTATIONS = YES;
				CLANG_WARN_DIRECT_OBJC_ISA_USAGE = YES_ERROR;
				CLANG_WARN_DOCUMENTATION_COMMENTS = YES;
				CLANG_WARN_EMPTY_BODY = YES;
				CLANG_WARN_ENUM_CONVERSION = YES;
				CLANG_WARN_INFINITE_RECURSION = YES;
				CLANG_WARN_INT_CONVERSION = YES;
				CLANG_WARN_NON_LITERAL_NULL_CONVERSION = YES;
				CLANG_WARN_OBJC_IMPLICIT_RETAIN_SELF = YES;
				CLANG_WARN_OBJC_LITERAL_CONVERSION = YES;
				CLANG_WARN_OBJC_ROOT_CLASS = YES_ERROR;
				CLANG_WARN_QUOTED_INCLUDE_IN_FRAMEWORK_HEADER = YES;
				CLANG_WARN_RANGE_LOOP_ANALYSIS = YES;
				CLANG_WARN_STRICT_PROTOTYPES = YES;
				CLANG_WARN_SUSPICIOUS_MOVE = YES;
				CLANG_WARN_UNGUARDED_AVAILABILITY = YES_AGGRESSIVE;
				CLANG_WARN_UNREACHABLE_CODE = YES;
				CLANG_WARN__DUPLICATE_METHOD_MATCH = YES;
				COPY_PHASE_STRIP = NO;
				DEBUG_INFORMATION_FORMAT = dwarf;
				ENABLE_STRICT_OBJC_MSGSEND = YES;
				ENABLE_TESTABILITY = YES;
				GCC_C_LANGUAGE_STANDARD = gnu11;
				GCC_DYNAMIC_NO_PIC = NO;
				GCC_NO_COMMON_BLOCKS = YES;
				GCC_OPTIMIZATION_LEVEL = 0;
				GCC_PREPROCESSOR_DEFINITIONS = (
					"DEBUG=1",
					"$(inherited)",
				);
				GCC_WARN_64_TO_32_BIT_CONVERSION = YES;
				GCC_WARN_ABOUT_RETURN_TYPE = YES_ERROR;
				GCC_WARN_UNDECLARED_SELECTOR = YES;
				GCC_WARN_UNINITIALIZED_AUTOS = YES_AGGRESSIVE;
				GCC_WARN_UNUSED_FUNCTION = YES;
				GCC_WARN_UNUSED_VARIABLE = YES;
				IPHONEOS_DEPLOYMENT_TARGET = 16.2;
				MTL_ENABLE_DEBUG_INFO = INCLUDE_SOURCE;
				MTL_FAST_MATH = YES;
				ONLY_ACTIVE_ARCH = YES;
				SDKROOT = iphoneos;
				SWIFT_ACTIVE_COMPILATION_CONDITIONS = DEBUG;
				SWIFT_OPTIMIZATION_LEVEL = "-Onone";
			};
			name = Debug;
		};
		178D456329E90E27003559CF /* Release */ = {
			isa = XCBuildConfiguration;
			buildSettings = {
				ALWAYS_SEARCH_USER_PATHS = NO;
				CLANG_ANALYZER_NONNULL = YES;
				CLANG_ANALYZER_NUMBER_OBJECT_CONVERSION = YES_AGGRESSIVE;
				CLANG_CXX_LANGUAGE_STANDARD = "gnu++20";
				CLANG_ENABLE_MODULES = YES;
				CLANG_ENABLE_OBJC_ARC = YES;
				CLANG_ENABLE_OBJC_WEAK = YES;
				CLANG_WARN_BLOCK_CAPTURE_AUTORELEASING = YES;
				CLANG_WARN_BOOL_CONVERSION = YES;
				CLANG_WARN_COMMA = YES;
				CLANG_WARN_CONSTANT_CONVERSION = YES;
				CLANG_WARN_DEPRECATED_OBJC_IMPLEMENTATIONS = YES;
				CLANG_WARN_DIRECT_OBJC_ISA_USAGE = YES_ERROR;
				CLANG_WARN_DOCUMENTATION_COMMENTS = YES;
				CLANG_WARN_EMPTY_BODY = YES;
				CLANG_WARN_ENUM_CONVERSION = YES;
				CLANG_WARN_INFINITE_RECURSION = YES;
				CLANG_WARN_INT_CONVERSION = YES;
				CLANG_WARN_NON_LITERAL_NULL_CONVERSION = YES;
				CLANG_WARN_OBJC_IMPLICIT_RETAIN_SELF = YES;
				CLANG_WARN_OBJC_LITERAL_CONVERSION = YES;
				CLANG_WARN_OBJC_ROOT_CLASS = YES_ERROR;
				CLANG_WARN_QUOTED_INCLUDE_IN_FRAMEWORK_HEADER = YES;
				CLANG_WARN_RANGE_LOOP_ANALYSIS = YES;
				CLANG_WARN_STRICT_PROTOTYPES = YES;
				CLANG_WARN_SUSPICIOUS_MOVE = YES;
				CLANG_WARN_UNGUARDED_AVAILABILITY = YES_AGGRESSIVE;
				CLANG_WARN_UNREACHABLE_CODE = YES;
				CLANG_WARN__DUPLICATE_METHOD_MATCH = YES;
				COPY_PHASE_STRIP = NO;
				DEBUG_INFORMATION_FORMAT = "dwarf-with-dsym";
				ENABLE_NS_ASSERTIONS = NO;
				ENABLE_STRICT_OBJC_MSGSEND = YES;
				GCC_C_LANGUAGE_STANDARD = gnu11;
				GCC_NO_COMMON_BLOCKS = YES;
				GCC_WARN_64_TO_32_BIT_CONVERSION = YES;
				GCC_WARN_ABOUT_RETURN_TYPE = YES_ERROR;
				GCC_WARN_UNDECLARED_SELECTOR = YES;
				GCC_WARN_UNINITIALIZED_AUTOS = YES_AGGRESSIVE;
				GCC_WARN_UNUSED_FUNCTION = YES;
				GCC_WARN_UNUSED_VARIABLE = YES;
				IPHONEOS_DEPLOYMENT_TARGET = 16.2;
				MTL_ENABLE_DEBUG_INFO = NO;
				MTL_FAST_MATH = YES;
				SDKROOT = iphoneos;
				SWIFT_COMPILATION_MODE = wholemodule;
				SWIFT_OPTIMIZATION_LEVEL = "-O";
				VALIDATE_PRODUCT = YES;
			};
			name = Release;
		};
		178D456529E90E27003559CF /* Debug */ = {
			isa = XCBuildConfiguration;
			baseConfigurationReference = 36B0776A8780AA16C5593FF7 /* Pods-RNSwiftUI.debug.xcconfig */;
			buildSettings = {
				ASSETCATALOG_COMPILER_APPICON_NAME = AppIcon;
				ASSETCATALOG_COMPILER_GLOBAL_ACCENT_COLOR_NAME = AccentColor;
				CODE_SIGN_STYLE = Automatic;
				CURRENT_PROJECT_VERSION = 1;
				DEVELOPMENT_ASSET_PATHS = "\"RNSwiftUI/Preview Content\"";
				DEVELOPMENT_TEAM = 78UAXU8QG8;
				ENABLE_PREVIEWS = YES;
				GENERATE_INFOPLIST_FILE = YES;
				INFOPLIST_KEY_UIApplicationSceneManifest_Generation = YES;
				INFOPLIST_KEY_UIApplicationSupportsIndirectInputEvents = YES;
				INFOPLIST_KEY_UILaunchScreen_Generation = YES;
				INFOPLIST_KEY_UISupportedInterfaceOrientations_iPad = "UIInterfaceOrientationPortrait UIInterfaceOrientationPortraitUpsideDown UIInterfaceOrientationLandscapeLeft UIInterfaceOrientationLandscapeRight";
				INFOPLIST_KEY_UISupportedInterfaceOrientations_iPhone = "UIInterfaceOrientationPortrait UIInterfaceOrientationLandscapeLeft UIInterfaceOrientationLandscapeRight";
				LD_RUNPATH_SEARCH_PATHS = (
					"$(inherited)",
					"@executable_path/Frameworks",
				);
				MARKETING_VERSION = 1.0;
				PRODUCT_BUNDLE_IDENTIFIER = io.howlett.RNSwiftUI;
				PRODUCT_NAME = "$(TARGET_NAME)";
				SWIFT_EMIT_LOC_STRINGS = YES;
				SWIFT_VERSION = 5.0;
				TARGETED_DEVICE_FAMILY = "1,2";
			};
			name = Debug;
		};
		178D456629E90E27003559CF /* Release */ = {
			isa = XCBuildConfiguration;
			baseConfigurationReference = 1B3F41D68BDA2BF57D2C464F /* Pods-RNSwiftUI.release.xcconfig */;
			buildSettings = {
				ASSETCATALOG_COMPILER_APPICON_NAME = AppIcon;
				ASSETCATALOG_COMPILER_GLOBAL_ACCENT_COLOR_NAME = AccentColor;
				CODE_SIGN_STYLE = Automatic;
				CURRENT_PROJECT_VERSION = 1;
				DEVELOPMENT_ASSET_PATHS = "\"RNSwiftUI/Preview Content\"";
				DEVELOPMENT_TEAM = 78UAXU8QG8;
				ENABLE_PREVIEWS = YES;
				GENERATE_INFOPLIST_FILE = YES;
				INFOPLIST_KEY_UIApplicationSceneManifest_Generation = YES;
				INFOPLIST_KEY_UIApplicationSupportsIndirectInputEvents = YES;
				INFOPLIST_KEY_UILaunchScreen_Generation = YES;
				INFOPLIST_KEY_UISupportedInterfaceOrientations_iPad = "UIInterfaceOrientationPortrait UIInterfaceOrientationPortraitUpsideDown UIInterfaceOrientationLandscapeLeft UIInterfaceOrientationLandscapeRight";
				INFOPLIST_KEY_UISupportedInterfaceOrientations_iPhone = "UIInterfaceOrientationPortrait UIInterfaceOrientationLandscapeLeft UIInterfaceOrientationLandscapeRight";
				LD_RUNPATH_SEARCH_PATHS = (
					"$(inherited)",
					"@executable_path/Frameworks",
				);
				MARKETING_VERSION = 1.0;
				PRODUCT_BUNDLE_IDENTIFIER = io.howlett.RNSwiftUI;
				PRODUCT_NAME = "$(TARGET_NAME)";
				SWIFT_EMIT_LOC_STRINGS = YES;
				SWIFT_VERSION = 5.0;
				TARGETED_DEVICE_FAMILY = "1,2";
			};
			name = Release;
		};
/* End XCBuildConfiguration section */

/* Begin XCConfigurationList section */
		178D455129E90E26003559CF /* Build configuration list for PBXProject "RNSwiftUI" */ = {
			isa = XCConfigurationList;
			buildConfigurations = (
				178D456229E90E27003559CF /* Debug */,
				178D456329E90E27003559CF /* Release */,
			);
			defaultConfigurationIsVisible = 0;
			defaultConfigurationName = Release;
		};
		178D456429E90E27003559CF /* Build configuration list for PBXNativeTarget "RNSwiftUI" */ = {
			isa = XCConfigurationList;
			buildConfigurations = (
				178D456529E90E27003559CF /* Debug */,
				178D456629E90E27003559CF /* Release */,
			);
			defaultConfigurationIsVisible = 0;
			defaultConfigurationName = Release;
		};
/* End XCConfigurationList section */
	};
	rootObject = 178D454E29E90E26003559CF /* Project object */;
}
